
Microsoft Visual Studio Solution File, Format Version 12.00
# Visual Studio Version 17
VisualStudioVersion = 17.14.36511.14
MinimumVisualStudioVersion = 10.0.40219.1
Project("{FAE04EC0-301F-11D3-BF4B-00C04F79EFBC}") = "Tyuiu.OzdoevaLM.Sprint1.Task0.V18", "Tyuiu.OzdoevaLM.Sprint1\Tyuiu.OzdoevaLM.Sprint1.Task0.V18.csproj", "{7AD18785-16BB-4F06-8BF4-B3EC73B51D06}"
EndProject
Project("{FAE04EC0-301F-11D3-BF4B-00C04F79EFBC}") = "Tyuiu.OzdoevaLM.Sprint1.Task0.V18.Lib", "Tyuiu.OzdoevaLM.Sprint1.Task0.V18.Lib\Tyuiu.OzdoevaLM.Sprint1.Task0.V18.Lib.csproj", "{30D1A65D-E544-4C78-A724-3E8ED86CAF67}"
EndProject
Project("{FAE04EC0-301F-11D3-BF4B-00C04F79EFBC}") = "Tyuiu.OzdoevaLM.Sprint1.Task0.V18.Test", "Tyuiu.OzdoevaLM.Sprint1.Task0.V18.Test\Tyuiu.OzdoevaLM.Sprint1.Task0.V18.Test.csproj", "{659D12D4-370E-491D-A0A2-A50D2BF00C8E}"
EndProject
Project("{2150E333-8FDC-42A3-9474-1A3956D46DE8}") = "Task0", "Task0", "{02EA681E-C7D8-13C7-8484-4AC65E1B71E8}"
EndProject
Project("{2150E333-8FDC-42A3-9474-1A3956D46DE8}") = "Task1", "Task1", "{D59712A0-04F1-4B79-B823-F3B68F8790E1}"
EndProject
Project("{FAE04EC0-301F-11D3-BF4B-00C04F79EFBC}") = "Tyuiu.OzdoevaLM.Sprint1.Task1.V29", "Tyuiu.OzdoevaLM.Sprint1.Task1.V29\Tyuiu.OzdoevaLM.Sprint1.Task1.V29.csproj", "{8C1C8443-F354-4921-8A83-4A656D585CA7}"
EndProject
Project("{FAE04EC0-301F-11D3-BF4B-00C04F79EFBC}") = "Tyuiu.OzdoevaLM.Sprint1.Task1.V29.Lib", "Tyuiu.OzdoevaLM.Sprint1.Task1.V29.Lib\Tyuiu.OzdoevaLM.Sprint1.Task1.V29.Lib.csproj", "{2EBADD78-088A-458D-8C1F-CBFC6FA21710}"
EndProject
Project("{FAE04EC0-301F-11D3-BF4B-00C04F79EFBC}") = "Tyuiu.OzdoevaLM.Sprint1.Task1.V29.Test", "Tyuiu.OzdoevaLM.Sprint1.Task1.V29.Test\Tyuiu.OzdoevaLM.Sprint1.Task1.V29.Test.csproj", "{79EC4B46-5473-4264-9CE2-C3E5B722FA29}"
EndProject
Project("{2150E333-8FDC-42A3-9474-1A3956D46DE8}") = "Task2", "Task2", "{C298D003-E7B4-4FEF-B180-F46D5BD13A1B}"
EndProject
Project("{FAE04EC0-301F-11D3-BF4B-00C04F79EFBC}") = "Tyuiu.OzdoevaLM.Sprint1.Task2.V10", "Tyuiu.OzdoevaLM.Sprint1.Task2.V10\Tyuiu.OzdoevaLM.Sprint1.Task2.V10.csproj", "{CFB42B08-B267-4E0C-8C36-FCA7659C80EE}"
EndProject
Project("{FAE04EC0-301F-11D3-BF4B-00C04F79EFBC}") = "Tyuiu.OzdoevaLM.Sprint1.Task2.V10.Lib", "Tyuiu.OzdoevaLM.Sprint1.Task2.V10.Lib\Tyuiu.OzdoevaLM.Sprint1.Task2.V10.Lib.csproj", "{A9D92935-54CE-48A6-8195-A050CDAD587B}"
EndProject
Project("{FAE04EC0-301F-11D3-BF4B-00C04F79EFBC}") = "Tyuiu.OzdoevaLM.Sprint1.Task2.V10.Test", "Tyuiu.OzdoevaLM.Sprint1.Task2.V10.Test\Tyuiu.OzdoevaLM.Sprint1.Task2.V10.Test.csproj", "{17592BAF-A344-4723-8306-2D23CB364F78}"
EndProject
Project("{2150E333-8FDC-42A3-9474-1A3956D46DE8}") = "Task3", "Task3", "{440E69E1-BFB2-4ED1-ACB1-D93AB19A2D70}"
EndProject
Project("{FAE04EC0-301F-11D3-BF4B-00C04F79EFBC}") = "Tyuiu.OzdoevaLM.Sprint1.Task3.V1", "Tyuiu.OzdoevaLM.Sprint1.Task3.V1\Tyuiu.OzdoevaLM.Sprint1.Task3.V1.csproj", "{021FED2E-E531-4EE0-B7CE-7354B5286236}"
EndProject
Project("{FAE04EC0-301F-11D3-BF4B-00C04F79EFBC}") = "Tyuiu.OzdoevaLM.Sprint1.Task3.V1.Lib", "Tyuiu.OzdoevaLM.Sprint1.Task3.V1.Lib\Tyuiu.OzdoevaLM.Sprint1.Task3.V1.Lib.csproj", "{D0863B73-B40B-4775-BEE3-7DE81227C9F0}"
EndProject
Project("{FAE04EC0-301F-11D3-BF4B-00C04F79EFBC}") = "Tyuiu.OzdoevaLM.Sprint1.Task3.V1.Test", "Tyuiu.OzdoevaLM.Sprint1.Task3.V1.Test\Tyuiu.OzdoevaLM.Sprint1.Task3.V1.Test.csproj", "{C28C5215-EB34-4154-A80C-E74BB3A4E151}"
EndProject
Global
	GlobalSection(SolutionConfigurationPlatforms) = preSolution
		Debug|Any CPU = Debug|Any CPU
		Release|Any CPU = Release|Any CPU
	EndGlobalSection
	GlobalSection(ProjectConfigurationPlatforms) = postSolution
		{7AD18785-16BB-4F06-8BF4-B3EC73B51D06}.Debug|Any CPU.ActiveCfg = Debug|Any CPU
		{7AD18785-16BB-4F06-8BF4-B3EC73B51D06}.Debug|Any CPU.Build.0 = Debug|Any CPU
		{7AD18785-16BB-4F06-8BF4-B3EC73B51D06}.Release|Any CPU.ActiveCfg = Release|Any CPU
		{7AD18785-16BB-4F06-8BF4-B3EC73B51D06}.Release|Any CPU.Build.0 = Release|Any CPU
		{30D1A65D-E544-4C78-A724-3E8ED86CAF67}.Debug|Any CPU.ActiveCfg = Debug|Any CPU
		{30D1A65D-E544-4C78-A724-3E8ED86CAF67}.Debug|Any CPU.Build.0 = Debug|Any CPU
		{30D1A65D-E544-4C78-A724-3E8ED86CAF67}.Release|Any CPU.ActiveCfg = Release|Any CPU
		{30D1A65D-E544-4C78-A724-3E8ED86CAF67}.Release|Any CPU.Build.0 = Release|Any CPU
		{659D12D4-370E-491D-A0A2-A50D2BF00C8E}.Debug|Any CPU.ActiveCfg = Debug|Any CPU
		{659D12D4-370E-491D-A0A2-A50D2BF00C8E}.Debug|Any CPU.Build.0 = Debug|Any CPU
		{659D12D4-370E-491D-A0A2-A50D2BF00C8E}.Release|Any CPU.ActiveCfg = Release|Any CPU
		{659D12D4-370E-491D-A0A2-A50D2BF00C8E}.Release|Any CPU.Build.0 = Release|Any CPU
		{8C1C8443-F354-4921-8A83-4A656D585CA7}.Debug|Any CPU.ActiveCfg = Debug|Any CPU
		{8C1C8443-F354-4921-8A83-4A656D585CA7}.Debug|Any CPU.Build.0 = Debug|Any CPU
		{8C1C8443-F354-4921-8A83-4A656D585CA7}.Release|Any CPU.ActiveCfg = Release|Any CPU
		{8C1C8443-F354-4921-8A83-4A656D585CA7}.Release|Any CPU.Build.0 = Release|Any CPU
		{2EBADD78-088A-458D-8C1F-CBFC6FA21710}.Debug|Any CPU.ActiveCfg = Debug|Any CPU
		{2EBADD78-088A-458D-8C1F-CBFC6FA21710}.Debug|Any CPU.Build.0 = Debug|Any CPU
		{2EBADD78-088A-458D-8C1F-CBFC6FA21710}.Release|Any CPU.ActiveCfg = Release|Any CPU
		{2EBADD78-088A-458D-8C1F-CBFC6FA21710}.Release|Any CPU.Build.0 = Release|Any CPU
		{79EC4B46-5473-4264-9CE2-C3E5B722FA29}.Debug|Any CPU.ActiveCfg = Debug|Any CPU
		{79EC4B46-5473-4264-9CE2-C3E5B722FA29}.Debug|Any CPU.Build.0 = Debug|Any CPU
		{79EC4B46-5473-4264-9CE2-C3E5B722FA29}.Release|Any CPU.ActiveCfg = Release|Any CPU
		{79EC4B46-5473-4264-9CE2-C3E5B722FA29}.Release|Any CPU.Build.0 = Release|Any CPU
		{CFB42B08-B267-4E0C-8C36-FCA7659C80EE}.Debug|Any CPU.ActiveCfg = Debug|Any CPU
		{CFB42B08-B267-4E0C-8C36-FCA7659C80EE}.Debug|Any CPU.Build.0 = Debug|Any CPU
		{CFB42B08-B267-4E0C-8C36-FCA7659C80EE}.Release|Any CPU.ActiveCfg = Release|Any CPU
		{CFB42B08-B267-4E0C-8C36-FCA7659C80EE}.Release|Any CPU.Build.0 = Release|Any CPU
		{A9D92935-54CE-48A6-8195-A050CDAD587B}.Debug|Any CPU.ActiveCfg = Debug|Any CPU
		{A9D92935-54CE-48A6-8195-A050CDAD587B}.Debug|Any CPU.Build.0 = Debug|Any CPU
		{A9D92935-54CE-48A6-8195-A050CDAD587B}.Release|Any CPU.ActiveCfg = Release|Any CPU
		{A9D92935-54CE-48A6-8195-A050CDAD587B}.Release|Any CPU.Build.0 = Release|Any CPU
		{17592BAF-A344-4723-8306-2D23CB364F78}.Debug|Any CPU.ActiveCfg = Debug|Any CPU
		{17592BAF-A344-4723-8306-2D23CB364F78}.Debug|Any CPU.Build.0 = Debug|Any CPU
		{17592BAF-A344-4723-8306-2D23CB364F78}.Release|Any CPU.ActiveCfg = Release|Any CPU
		{17592BAF-A344-4723-8306-2D23CB364F78}.Release|Any CPU.Build.0 = Release|Any CPU
		{021FED2E-E531-4EE0-B7CE-7354B5286236}.Debug|Any CPU.ActiveCfg = Debug|Any CPU
		{021FED2E-E531-4EE0-B7CE-7354B5286236}.Debug|Any CPU.Build.0 = Debug|Any CPU
		{021FED2E-E531-4EE0-B7CE-7354B5286236}.Release|Any CPU.ActiveCfg = Release|Any CPU
		{021FED2E-E531-4EE0-B7CE-7354B5286236}.Release|Any CPU.Build.0 = Release|Any CPU
		{D0863B73-B40B-4775-BEE3-7DE81227C9F0}.Debug|Any CPU.ActiveCfg = Debug|Any CPU
		{D0863B73-B40B-4775-BEE3-7DE81227C9F0}.Debug|Any CPU.Build.0 = Debug|Any CPU
		{D0863B73-B40B-4775-BEE3-7DE81227C9F0}.Release|Any CPU.ActiveCfg = Release|Any CPU
		{D0863B73-B40B-4775-BEE3-7DE81227C9F0}.Release|Any CPU.Build.0 = Release|Any CPU
		{C28C5215-EB34-4154-A80C-E74BB3A4E151}.Debug|Any CPU.ActiveCfg = Debug|Any CPU
		{C28C5215-EB34-4154-A80C-E74BB3A4E151}.Debug|Any CPU.Build.0 = Debug|Any CPU
		{C28C5215-EB34-4154-A80C-E74BB3A4E151}.Release|Any CPU.ActiveCfg = Release|Any CPU
		{C28C5215-EB34-4154-A80C-E74BB3A4E151}.Release|Any CPU.Build.0 = Release|Any CPU
	EndGlobalSection
	GlobalSection(SolutionProperties) = preSolution
		HideSolutionNode = FALSE
	EndGlobalSection
	GlobalSection(NestedProjects) = preSolution
		{7AD18785-16BB-4F06-8BF4-B3EC73B51D06} = {02EA681E-C7D8-13C7-8484-4AC65E1B71E8}
		{30D1A65D-E544-4C78-A724-3E8ED86CAF67} = {02EA681E-C7D8-13C7-8484-4AC65E1B71E8}
		{659D12D4-370E-491D-A0A2-A50D2BF00C8E} = {02EA681E-C7D8-13C7-8484-4AC65E1B71E8}
		{8C1C8443-F354-4921-8A83-4A656D585CA7} = {D59712A0-04F1-4B79-B823-F3B68F8790E1}
		{2EBADD78-088A-458D-8C1F-CBFC6FA21710} = {D59712A0-04F1-4B79-B823-F3B68F8790E1}
		{79EC4B46-5473-4264-9CE2-C3E5B722FA29} = {D59712A0-04F1-4B79-B823-F3B68F8790E1}
		{CFB42B08-B267-4E0C-8C36-FCA7659C80EE} = {C298D003-E7B4-4FEF-B180-F46D5BD13A1B}
		{A9D92935-54CE-48A6-8195-A050CDAD587B} = {C298D003-E7B4-4FEF-B180-F46D5BD13A1B}
		{17592BAF-A344-4723-8306-2D23CB364F78} = {C298D003-E7B4-4FEF-B180-F46D5BD13A1B}
		{021FED2E-E531-4EE0-B7CE-7354B5286236} = {440E69E1-BFB2-4ED1-ACB1-D93AB19A2D70}
		{D0863B73-B40B-4775-BEE3-7DE81227C9F0} = {440E69E1-BFB2-4ED1-ACB1-D93AB19A2D70}
		{C28C5215-EB34-4154-A80C-E74BB3A4E151} = {440E69E1-BFB2-4ED1-ACB1-D93AB19A2D70}
	EndGlobalSection
	GlobalSection(ExtensibilityGlobals) = postSolution
		SolutionGuid = {F93CD361-1B47-4E2C-B480-564FF3BDFE38}
	EndGlobalSection
EndGlobal
